
Microsoft Visual Studio Solution File, Format Version 12.00
# Visual Studio 14
VisualStudioVersion = 14.0.25420.1
MinimumVisualStudioVersion = 10.0.40219.1
Project("{FAE04EC0-301F-11D3-BF4B-00C04F79EFBC}") = "SanetGameEngineWP8", "WindowsPhone\SanetGameEngineWP8.csproj", "{C240CCFC-7B62-4AFD-A732-4B209B229A3C}"
EndProject
Project("{FAE04EC0-301F-11D3-BF4B-00C04F79EFBC}") = "SanetGameEngineIOS", "IOS\SanetGameEngineIOS.csproj", "{38655429-A3FD-41B4-9DD5-8274C33C3985}"
EndProject
Project("{FAE04EC0-301F-11D3-BF4B-00C04F79EFBC}") = "SanetGameEngineAndroid", "Android\SanetGameEngineAndroid.csproj", "{B6CE58B6-1DB3-472E-A541-51426827A049}"
EndProject
Project("{FAE04EC0-301F-11D3-BF4B-00C04F79EFBC}") = "SanetGameEngine81Universal", "SanetGameEngine81Universal\SanetGameEngine81Universal.csproj", "{76CB79AE-0D1C-410D-9D5E-7004ECAC62B8}"
EndProject
Project("{FAE04EC0-301F-11D3-BF4B-00C04F79EFBC}") = "SanetGameEnginePCDX", "SanetGameEnginePCDX\SanetGameEnginePCDX.csproj", "{7258CAC6-3B79-4319-9819-3146963C04FB}"
EndProject
Project("{FAE04EC0-301F-11D3-BF4B-00C04F79EFBC}") = "SanetGameEngineGL", "SanetGameEngineLinux\SanetGameEngineGL.csproj", "{3D64A8D5-CC83-4085-A9DF-9FEACA0612EC}"
EndProject
Project("{D954291E-2A0B-460D-934E-DC6B0785DB48}") = "SanetGameEngineShared", "SanetGameEngineShared\SanetGameEngineShared.shproj", "{68D02E2D-3786-4DAF-AEDA-ADEA9D57AE4B}"
EndProject
Global
	GlobalSection(SharedMSBuildProjectFiles) = preSolution
		SanetGameEngineShared\SanetGameEngineShared.projitems*{38655429-a3fd-41b4-9dd5-8274c33c3985}*SharedItemsImports = 4
		SanetGameEngineShared\SanetGameEngineShared.projitems*{3d64a8d5-cc83-4085-a9df-9feaca0612ec}*SharedItemsImports = 4
		SanetGameEngineShared\SanetGameEngineShared.projitems*{68d02e2d-3786-4daf-aeda-adea9d57ae4b}*SharedItemsImports = 13
		SanetGameEngineShared\SanetGameEngineShared.projitems*{7258cac6-3b79-4319-9819-3146963c04fb}*SharedItemsImports = 4
		SanetGameEngineShared\SanetGameEngineShared.projitems*{76cb79ae-0d1c-410d-9d5e-7004ecac62b8}*SharedItemsImports = 4
		SanetGameEngineShared\SanetGameEngineShared.projitems*{b6ce58b6-1db3-472e-a541-51426827a049}*SharedItemsImports = 4
		SanetGameEngineShared\SanetGameEngineShared.projitems*{c240ccfc-7b62-4afd-a732-4b209b229a3c}*SharedItemsImports = 4
	EndGlobalSection
	GlobalSection(SolutionConfigurationPlatforms) = preSolution
		Debug|Any CPU = Debug|Any CPU
		Debug|ARM = Debug|ARM
		Debug|Mixed Platforms = Debug|Mixed Platforms
		Debug|Windows Phone = Debug|Windows Phone
		Debug|x86 = Debug|x86
		Release|Any CPU = Release|Any CPU
		Release|ARM = Release|ARM
		Release|Mixed Platforms = Release|Mixed Platforms
		Release|Windows Phone = Release|Windows Phone
		Release|x86 = Release|x86
	EndGlobalSection
	GlobalSection(ProjectConfigurationPlatforms) = postSolution
		{C240CCFC-7B62-4AFD-A732-4B209B229A3C}.Debug|Any CPU.ActiveCfg = Debug|Any CPU
		{C240CCFC-7B62-4AFD-A732-4B209B229A3C}.Debug|Any CPU.Build.0 = Debug|Any CPU
		{C240CCFC-7B62-4AFD-A732-4B209B229A3C}.Debug|ARM.ActiveCfg = Debug|ARM
		{C240CCFC-7B62-4AFD-A732-4B209B229A3C}.Debug|ARM.Build.0 = Debug|ARM
		{C240CCFC-7B62-4AFD-A732-4B209B229A3C}.Debug|Mixed Platforms.ActiveCfg = Debug|x86
		{C240CCFC-7B62-4AFD-A732-4B209B229A3C}.Debug|Mixed Platforms.Build.0 = Debug|x86
		{C240CCFC-7B62-4AFD-A732-4B209B229A3C}.Debug|Windows Phone.ActiveCfg = Debug|Any CPU
		{C240CCFC-7B62-4AFD-A732-4B209B229A3C}.Debug|x86.ActiveCfg = Debug|x86
		{C240CCFC-7B62-4AFD-A732-4B209B229A3C}.Debug|x86.Build.0 = Debug|x86
		{C240CCFC-7B62-4AFD-A732-4B209B229A3C}.Release|Any CPU.ActiveCfg = Release|Any CPU
		{C240CCFC-7B62-4AFD-A732-4B209B229A3C}.Release|Any CPU.Build.0 = Release|Any CPU
		{C240CCFC-7B62-4AFD-A732-4B209B229A3C}.Release|ARM.ActiveCfg = Release|ARM
		{C240CCFC-7B62-4AFD-A732-4B209B229A3C}.Release|ARM.Build.0 = Release|ARM
		{C240CCFC-7B62-4AFD-A732-4B209B229A3C}.Release|Mixed Platforms.ActiveCfg = Release|x86
		{C240CCFC-7B62-4AFD-A732-4B209B229A3C}.Release|Mixed Platforms.Build.0 = Release|x86
		{C240CCFC-7B62-4AFD-A732-4B209B229A3C}.Release|Windows Phone.ActiveCfg = Release|Any CPU
		{C240CCFC-7B62-4AFD-A732-4B209B229A3C}.Release|x86.ActiveCfg = Release|x86
		{C240CCFC-7B62-4AFD-A732-4B209B229A3C}.Release|x86.Build.0 = Release|x86
		{38655429-A3FD-41B4-9DD5-8274C33C3985}.Debug|Any CPU.ActiveCfg = Debug|Any CPU
		{38655429-A3FD-41B4-9DD5-8274C33C3985}.Debug|Any CPU.Build.0 = Debug|Any CPU
		{38655429-A3FD-41B4-9DD5-8274C33C3985}.Debug|ARM.ActiveCfg = Debug|Any CPU
		{38655429-A3FD-41B4-9DD5-8274C33C3985}.Debug|Mixed Platforms.ActiveCfg = Debug|Any CPU
		{38655429-A3FD-41B4-9DD5-8274C33C3985}.Debug|Mixed Platforms.Build.0 = Debug|Any CPU
		{38655429-A3FD-41B4-9DD5-8274C33C3985}.Debug|Windows Phone.ActiveCfg = Debug|Any CPU
		{38655429-A3FD-41B4-9DD5-8274C33C3985}.Debug|x86.ActiveCfg = Debug|Any CPU
		{38655429-A3FD-41B4-9DD5-8274C33C3985}.Release|Any CPU.ActiveCfg = Release|Any CPU
		{38655429-A3FD-41B4-9DD5-8274C33C3985}.Release|Any CPU.Build.0 = Release|Any CPU
		{38655429-A3FD-41B4-9DD5-8274C33C3985}.Release|ARM.ActiveCfg = Release|Any CPU
		{38655429-A3FD-41B4-9DD5-8274C33C3985}.Release|Mixed Platforms.ActiveCfg = Release|Any CPU
		{38655429-A3FD-41B4-9DD5-8274C33C3985}.Release|Mixed Platforms.Build.0 = Release|Any CPU
		{38655429-A3FD-41B4-9DD5-8274C33C3985}.Release|Windows Phone.ActiveCfg = Release|Any CPU
		{38655429-A3FD-41B4-9DD5-8274C33C3985}.Release|x86.ActiveCfg = Release|Any CPU
		{B6CE58B6-1DB3-472E-A541-51426827A049}.Debug|Any CPU.ActiveCfg = Debug|Any CPU
		{B6CE58B6-1DB3-472E-A541-51426827A049}.Debug|Any CPU.Build.0 = Debug|Any CPU
		{B6CE58B6-1DB3-472E-A541-51426827A049}.Debug|ARM.ActiveCfg = Debug|Any CPU
		{B6CE58B6-1DB3-472E-A541-51426827A049}.Debug|Mixed Platforms.ActiveCfg = Debug|Any CPU
		{B6CE58B6-1DB3-472E-A541-51426827A049}.Debug|Mixed Platforms.Build.0 = Debug|Any CPU
		{B6CE58B6-1DB3-472E-A541-51426827A049}.Debug|Windows Phone.ActiveCfg = Debug|Any CPU
		{B6CE58B6-1DB3-472E-A541-51426827A049}.Debug|x86.ActiveCfg = Debug|Any CPU
		{B6CE58B6-1DB3-472E-A541-51426827A049}.Release|Any CPU.ActiveCfg = Release|Any CPU
		{B6CE58B6-1DB3-472E-A541-51426827A049}.Release|Any CPU.Build.0 = Release|Any CPU
		{B6CE58B6-1DB3-472E-A541-51426827A049}.Release|ARM.ActiveCfg = Release|Any CPU
		{B6CE58B6-1DB3-472E-A541-51426827A049}.Release|Mixed Platforms.ActiveCfg = Release|Any CPU
		{B6CE58B6-1DB3-472E-A541-51426827A049}.Release|Mixed Platforms.Build.0 = Release|Any CPU
		{B6CE58B6-1DB3-472E-A541-51426827A049}.Release|Windows Phone.ActiveCfg = Release|Any CPU
		{B6CE58B6-1DB3-472E-A541-51426827A049}.Release|x86.ActiveCfg = Release|Any CPU
		{76CB79AE-0D1C-410D-9D5E-7004ECAC62B8}.Debug|Any CPU.ActiveCfg = Debug|Any CPU
		{76CB79AE-0D1C-410D-9D5E-7004ECAC62B8}.Debug|Any CPU.Build.0 = Debug|Any CPU
		{76CB79AE-0D1C-410D-9D5E-7004ECAC62B8}.Debug|ARM.ActiveCfg = Debug|Any CPU
		{76CB79AE-0D1C-410D-9D5E-7004ECAC62B8}.Debug|Mixed Platforms.ActiveCfg = Debug|Any CPU
		{76CB79AE-0D1C-410D-9D5E-7004ECAC62B8}.Debug|Mixed Platforms.Build.0 = Debug|Any CPU
		{76CB79AE-0D1C-410D-9D5E-7004ECAC62B8}.Debug|Windows Phone.ActiveCfg = Debug|Any CPU
		{76CB79AE-0D1C-410D-9D5E-7004ECAC62B8}.Debug|x86.ActiveCfg = Debug|Any CPU
		{76CB79AE-0D1C-410D-9D5E-7004ECAC62B8}.Release|Any CPU.ActiveCfg = Release|Any CPU
		{76CB79AE-0D1C-410D-9D5E-7004ECAC62B8}.Release|Any CPU.Build.0 = Release|Any CPU
		{76CB79AE-0D1C-410D-9D5E-7004ECAC62B8}.Release|ARM.ActiveCfg = Release|Any CPU
		{76CB79AE-0D1C-410D-9D5E-7004ECAC62B8}.Release|Mixed Platforms.ActiveCfg = Release|Any CPU
		{76CB79AE-0D1C-410D-9D5E-7004ECAC62B8}.Release|Mixed Platforms.Build.0 = Release|Any CPU
		{76CB79AE-0D1C-410D-9D5E-7004ECAC62B8}.Release|Windows Phone.ActiveCfg = Release|Any CPU
		{76CB79AE-0D1C-410D-9D5E-7004ECAC62B8}.Release|x86.ActiveCfg = Release|Any CPU
		{7258CAC6-3B79-4319-9819-3146963C04FB}.Debug|Any CPU.ActiveCfg = Debug|Any CPU
		{7258CAC6-3B79-4319-9819-3146963C04FB}.Debug|Any CPU.Build.0 = Debug|Any CPU
		{7258CAC6-3B79-4319-9819-3146963C04FB}.Debug|ARM.ActiveCfg = Debug|Any CPU
		{7258CAC6-3B79-4319-9819-3146963C04FB}.Debug|Mixed Platforms.ActiveCfg = Debug|Any CPU
		{7258CAC6-3B79-4319-9819-3146963C04FB}.Debug|Mixed Platforms.Build.0 = Debug|Any CPU
		{7258CAC6-3B79-4319-9819-3146963C04FB}.Debug|Windows Phone.ActiveCfg = Debug|Any CPU
		{7258CAC6-3B79-4319-9819-3146963C04FB}.Debug|x86.ActiveCfg = Debug|Any CPU
		{7258CAC6-3B79-4319-9819-3146963C04FB}.Release|Any CPU.ActiveCfg = Release|Any CPU
		{7258CAC6-3B79-4319-9819-3146963C04FB}.Release|Any CPU.Build.0 = Release|Any CPU
		{7258CAC6-3B79-4319-9819-3146963C04FB}.Release|ARM.ActiveCfg = Release|Any CPU
		{7258CAC6-3B79-4319-9819-3146963C04FB}.Release|Mixed Platforms.ActiveCfg = Release|Any CPU
		{7258CAC6-3B79-4319-9819-3146963C04FB}.Release|Mixed Platforms.Build.0 = Release|Any CPU
		{7258CAC6-3B79-4319-9819-3146963C04FB}.Release|Windows Phone.ActiveCfg = Release|Any CPU
		{7258CAC6-3B79-4319-9819-3146963C04FB}.Release|x86.ActiveCfg = Release|Any CPU
		{3D64A8D5-CC83-4085-A9DF-9FEACA0612EC}.Debug|Any CPU.ActiveCfg = Debug|Any CPU
		{3D64A8D5-CC83-4085-A9DF-9FEACA0612EC}.Debug|Any CPU.Build.0 = Debug|Any CPU
		{3D64A8D5-CC83-4085-A9DF-9FEACA0612EC}.Debug|ARM.ActiveCfg = Debug|Any CPU
		{3D64A8D5-CC83-4085-A9DF-9FEACA0612EC}.Debug|ARM.Build.0 = Debug|Any CPU
		{3D64A8D5-CC83-4085-A9DF-9FEACA0612EC}.Debug|Mixed Platforms.ActiveCfg = Debug|Any CPU
		{3D64A8D5-CC83-4085-A9DF-9FEACA0612EC}.Debug|Mixed Platforms.Build.0 = Debug|Any CPU
		{3D64A8D5-CC83-4085-A9DF-9FEACA0612EC}.Debug|Windows Phone.ActiveCfg = Debug|Any CPU
		{3D64A8D5-CC83-4085-A9DF-9FEACA0612EC}.Debug|Windows Phone.Build.0 = Debug|Any CPU
		{3D64A8D5-CC83-4085-A9DF-9FEACA0612EC}.Debug|x86.ActiveCfg = Debug|Any CPU
		{3D64A8D5-CC83-4085-A9DF-9FEACA0612EC}.Debug|x86.Build.0 = Debug|Any CPU
		{3D64A8D5-CC83-4085-A9DF-9FEACA0612EC}.Release|Any CPU.ActiveCfg = Release|Any CPU
		{3D64A8D5-CC83-4085-A9DF-9FEACA0612EC}.Release|Any CPU.Build.0 = Release|Any CPU
		{3D64A8D5-CC83-4085-A9DF-9FEACA0612EC}.Release|ARM.ActiveCfg = Release|Any CPU
		{3D64A8D5-CC83-4085-A9DF-9FEACA0612EC}.Release|ARM.Build.0 = Release|Any CPU
		{3D64A8D5-CC83-4085-A9DF-9FEACA0612EC}.Release|Mixed Platforms.ActiveCfg = Release|Any CPU
		{3D64A8D5-CC83-4085-A9DF-9FEACA0612EC}.Release|Mixed Platforms.Build.0 = Release|Any CPU
		{3D64A8D5-CC83-4085-A9DF-9FEACA0612EC}.Release|Windows Phone.ActiveCfg = Release|Any CPU
		{3D64A8D5-CC83-4085-A9DF-9FEACA0612EC}.Release|Windows Phone.Build.0 = Release|Any CPU
		{3D64A8D5-CC83-4085-A9DF-9FEACA0612EC}.Release|x86.ActiveCfg = Release|Any CPU
		{3D64A8D5-CC83-4085-A9DF-9FEACA0612EC}.Release|x86.Build.0 = Release|Any CPU
	EndGlobalSection
	GlobalSection(SolutionProperties) = preSolution
		HideSolutionNode = FALSE
	EndGlobalSection
EndGlobal
